Microsoft Visual Studio Solution File, Format Version 12.00
# Visual Studio Version 17
VisualStudioVersion = 17.5.2.0
MinimumVisualStudioVersion = 10.0.40219.1
Project("{FAE04EC0-301F-11D3-BF4B-00C04F79EFBC}") = "IdentityTest", "IdentityTest\IdentityTest.csproj", "{5DE544B5-CE8E-5E68-3D52-C595DC4A67FE}"
EndProject
Project("{FAE04EC0-301F-11D3-BF4B-00C04F79EFBC}") = "TestProject", "TestProject\TestProject.csproj", "{50A342BD-B366-4392-8AC1-602A112788A4}"
EndProject
Global
	GlobalSection(SolutionConfigurationPlatforms) = preSolution
		Debug|Any CPU = Debug|Any CPU
		Release|Any CPU = Release|Any CPU
	EndGlobalSection
	GlobalSection(ProjectConfigurationPlatforms) = postSolution
		{5DE544B5-CE8E-5E68-3D52-C595DC4A67FE}.Debug|Any CPU.ActiveCfg = Debug|Any CPU
		{5DE544B5-CE8E-5E68-3D52-C595DC4A67FE}.Debug|Any CPU.Build.0 = Debug|Any CPU
		{5DE544B5-CE8E-5E68-3D52-C595DC4A67FE}.Release|Any CPU.ActiveCfg = Release|Any CPU
		{5DE544B5-CE8E-5E68-3D52-C595DC4A67FE}.Release|Any CPU.Build.0 = Release|Any CPU
		{50A342BD-B366-4392-8AC1-602A112788A4}.Debug|Any CPU.ActiveCfg = Debug|Any CPU
		{50A342BD-B366-4392-8AC1-602A112788A4}.Debug|Any CPU.Build.0 = Debug|Any CPU
		{50A342BD-B366-4392-8AC1-602A112788A4}.Release|Any CPU.ActiveCfg = Release|Any CPU
		{50A342BD-B366-4392-8AC1-602A112788A4}.Release|Any CPU.Build.0 = Release|Any CPU
	EndGlobalSection
	GlobalSection(SolutionProperties) = preSolution
		HideSolutionNode = FALSE
	EndGlobalSection
	GlobalSection(ExtensibilityGlobals) = postSolution
		SolutionGuid = {B5C1A56D-B45A-491B-B9AB-F693C87946FA}
	EndGlobalSection
EndGlobal
